
Microsoft Visual Studio Solution File, Format Version 12.00
# Visual Studio Version 17
VisualStudioVersion = 17.2.32616.157
MinimumVisualStudioVersion = 10.0.40219.1
Project("{FAE04EC0-301F-11D3-BF4B-00C04F79EFBC}") = "LiftiDemo", "LiftiDemo\LiftiDemo.csproj", "{121CECC6-82CB-41CE-BA57-113CC5FE0E44}"
EndProject
Global
	GlobalSection(SolutionConfigurationPlatforms) = preSolution
		Debug|Any CPU = Debug|Any CPU
		Release|Any CPU = Release|Any CPU
	EndGlobalSection
	GlobalSection(ProjectConfigurationPlatforms) = postSolution
		{121CECC6-82CB-41CE-BA57-113CC5FE0E44}.Debug|Any CPU.ActiveCfg = Debug|Any CPU
		{121CECC6-82CB-41CE-BA57-113CC5FE0E44}.Debug|Any CPU.Build.0 = Debug|Any CPU
		{121CECC6-82CB-41CE-BA57-113CC5FE0E44}.Release|Any CPU.ActiveCfg = Release|Any CPU
		{121CECC6-82CB-41CE-BA57-113CC5FE0E44}.Release|Any CPU.Build.0 = Release|Any CPU
	EndGlobalSection
	GlobalSection(SolutionProperties) = preSolution
		HideSolutionNode = FALSE
	EndGlobalSection
	GlobalSection(ExtensibilityGlobals) = postSolution
		SolutionGuid = {C2F8DDBC-94B8-4C1C-89CD-97DE3C64C871}
	EndGlobalSection
EndGlobal
