
Microsoft Visual Studio Solution File, Format Version 12.00
# Visual Studio Version 17
VisualStudioVersion = 17.2.32602.215
MinimumVisualStudioVersion = 10.0.40219.1
Project("{9A19103F-16F7-4668-BE54-9A1E7A4F7556}") = "EventSourcing", "EventSourcing\EventSourcing.csproj", "{22CA9848-9604-4B23-AFF9-8EDA6735CC0F}"
EndProject
Project("{9A19103F-16F7-4668-BE54-9A1E7A4F7556}") = "EventSourcing.Persistence.InMemory", "EventSourcing.Persistence.InMemory\EventSourcing.Persistence.InMemory.csproj", "{47B2A154-AD85-499A-B2E3-0B85DA180285}"
EndProject
Project("{9A19103F-16F7-4668-BE54-9A1E7A4F7556}") = "EventSourcing.Example.Domain", "EventSoucing.Example.Domain\EventSourcing.Example.Domain.csproj", "{1455CE86-EA1F-4A89-A006-73F44E4DC055}"
EndProject
Project("{9A19103F-16F7-4668-BE54-9A1E7A4F7556}") = "EventSourcing.Example.InMemory", "EventSourcing.Example.InMemory\EventSourcing.Example.InMemory.csproj", "{D7C94512-72CA-49F6-99D9-9C651A879540}"
EndProject
Global
	GlobalSection(SolutionConfigurationPlatforms) = preSolution
		Debug|Any CPU = Debug|Any CPU
		Release|Any CPU = Release|Any CPU
	EndGlobalSection
	GlobalSection(ProjectConfigurationPlatforms) = postSolution
		{22CA9848-9604-4B23-AFF9-8EDA6735CC0F}.Debug|Any CPU.ActiveCfg = Debug|Any CPU
		{22CA9848-9604-4B23-AFF9-8EDA6735CC0F}.Debug|Any CPU.Build.0 = Debug|Any CPU
		{22CA9848-9604-4B23-AFF9-8EDA6735CC0F}.Release|Any CPU.ActiveCfg = Release|Any CPU
		{22CA9848-9604-4B23-AFF9-8EDA6735CC0F}.Release|Any CPU.Build.0 = Release|Any CPU
		{47B2A154-AD85-499A-B2E3-0B85DA180285}.Debug|Any CPU.ActiveCfg = Debug|Any CPU
		{47B2A154-AD85-499A-B2E3-0B85DA180285}.Debug|Any CPU.Build.0 = Debug|Any CPU
		{47B2A154-AD85-499A-B2E3-0B85DA180285}.Release|Any CPU.ActiveCfg = Release|Any CPU
		{47B2A154-AD85-499A-B2E3-0B85DA180285}.Release|Any CPU.Build.0 = Release|Any CPU
		{1455CE86-EA1F-4A89-A006-73F44E4DC055}.Debug|Any CPU.ActiveCfg = Debug|Any CPU
		{1455CE86-EA1F-4A89-A006-73F44E4DC055}.Debug|Any CPU.Build.0 = Debug|Any CPU
		{1455CE86-EA1F-4A89-A006-73F44E4DC055}.Release|Any CPU.ActiveCfg = Release|Any CPU
		{1455CE86-EA1F-4A89-A006-73F44E4DC055}.Release|Any CPU.Build.0 = Release|Any CPU
		{D7C94512-72CA-49F6-99D9-9C651A879540}.Debug|Any CPU.ActiveCfg = Debug|Any CPU
		{D7C94512-72CA-49F6-99D9-9C651A879540}.Debug|Any CPU.Build.0 = Debug|Any CPU
		{D7C94512-72CA-49F6-99D9-9C651A879540}.Release|Any CPU.ActiveCfg = Release|Any CPU
		{D7C94512-72CA-49F6-99D9-9C651A879540}.Release|Any CPU.Build.0 = Release|Any CPU
	EndGlobalSection
	GlobalSection(SolutionProperties) = preSolution
		HideSolutionNode = FALSE
	EndGlobalSection
	GlobalSection(ExtensibilityGlobals) = postSolution
		SolutionGuid = {66CA77A4-564A-4FB4-85E3-DE918CB76BEF}
	EndGlobalSection
EndGlobal
