
Microsoft Visual Studio Solution File, Format Version 12.00
# Visual Studio Version 16
VisualStudioVersion = 16.0.29123.88
MinimumVisualStudioVersion = 10.0.40219.1
Project("{FAE04EC0-301F-11D3-BF4B-00C04F79EFBC}") = "ParallelAsyncExplorations", "ParallelAsyncExplorations\ParallelAsyncExplorations.csproj", "{3BEB4FBE-514B-4CB5-8557-ED2883AC184A}"
EndProject
Global
	GlobalSection(SolutionConfigurationPlatforms) = preSolution
		Debug|Any CPU = Debug|Any CPU
		Release|Any CPU = Release|Any CPU
	EndGlobalSection
	GlobalSection(ProjectConfigurationPlatforms) = postSolution
		{3BEB4FBE-514B-4CB5-8557-ED2883AC184A}.Debug|Any CPU.ActiveCfg = Debug|Any CPU
		{3BEB4FBE-514B-4CB5-8557-ED2883AC184A}.Debug|Any CPU.Build.0 = Debug|Any CPU
		{3BEB4FBE-514B-4CB5-8557-ED2883AC184A}.Release|Any CPU.ActiveCfg = Release|Any CPU
		{3BEB4FBE-514B-4CB5-8557-ED2883AC184A}.Release|Any CPU.Build.0 = Release|Any CPU
	EndGlobalSection
	GlobalSection(SolutionProperties) = preSolution
		HideSolutionNode = FALSE
	EndGlobalSection
	GlobalSection(ExtensibilityGlobals) = postSolution
		SolutionGuid = {E9378B21-6D8C-4474-B40A-2B47EB0F969F}
	EndGlobalSection
EndGlobal
