
Microsoft Visual Studio Solution File, Format Version 12.00
# Visual Studio Version 16
VisualStudioVersion = 16.0.31112.23
MinimumVisualStudioVersion = 15.0.26124.0
Project("{9A19103F-16F7-4668-BE54-9A1E7A4F7556}") = "FtpLib", "FtpLib\FtpLib.csproj", "{C388CEAF-2D3D-4223-94C6-B83D3FE806A0}"
EndProject
Project("{9A19103F-16F7-4668-BE54-9A1E7A4F7556}") = "SendFileToFtp", "SendFileToFtp\SendFileToFtp.csproj", "{B5986FD7-0138-4B65-96E7-5F5D199990D7}"
EndProject
Global
	GlobalSection(SolutionConfigurationPlatforms) = preSolution
		Debug|Any CPU = Debug|Any CPU
		Debug|x64 = Debug|x64
		Debug|x86 = Debug|x86
		Release|Any CPU = Release|Any CPU
		Release|x64 = Release|x64
		Release|x86 = Release|x86
	EndGlobalSection
	GlobalSection(ProjectConfigurationPlatforms) = postSolution
		{C388CEAF-2D3D-4223-94C6-B83D3FE806A0}.Debug|Any CPU.ActiveCfg = Debug|Any CPU
		{C388CEAF-2D3D-4223-94C6-B83D3FE806A0}.Debug|Any CPU.Build.0 = Debug|Any CPU
		{C388CEAF-2D3D-4223-94C6-B83D3FE806A0}.Debug|x64.ActiveCfg = Debug|Any CPU
		{C388CEAF-2D3D-4223-94C6-B83D3FE806A0}.Debug|x64.Build.0 = Debug|Any CPU
		{C388CEAF-2D3D-4223-94C6-B83D3FE806A0}.Debug|x86.ActiveCfg = Debug|Any CPU
		{C388CEAF-2D3D-4223-94C6-B83D3FE806A0}.Debug|x86.Build.0 = Debug|Any CPU
		{C388CEAF-2D3D-4223-94C6-B83D3FE806A0}.Release|Any CPU.ActiveCfg = Release|Any CPU
		{C388CEAF-2D3D-4223-94C6-B83D3FE806A0}.Release|Any CPU.Build.0 = Release|Any CPU
		{C388CEAF-2D3D-4223-94C6-B83D3FE806A0}.Release|x64.ActiveCfg = Release|Any CPU
		{C388CEAF-2D3D-4223-94C6-B83D3FE806A0}.Release|x64.Build.0 = Release|Any CPU
		{C388CEAF-2D3D-4223-94C6-B83D3FE806A0}.Release|x86.ActiveCfg = Release|Any CPU
		{C388CEAF-2D3D-4223-94C6-B83D3FE806A0}.Release|x86.Build.0 = Release|Any CPU
		{B5986FD7-0138-4B65-96E7-5F5D199990D7}.Debug|Any CPU.ActiveCfg = Debug|Any CPU
		{B5986FD7-0138-4B65-96E7-5F5D199990D7}.Debug|Any CPU.Build.0 = Debug|Any CPU
		{B5986FD7-0138-4B65-96E7-5F5D199990D7}.Debug|x64.ActiveCfg = Debug|Any CPU
		{B5986FD7-0138-4B65-96E7-5F5D199990D7}.Debug|x64.Build.0 = Debug|Any CPU
		{B5986FD7-0138-4B65-96E7-5F5D199990D7}.Debug|x86.ActiveCfg = Debug|Any CPU
		{B5986FD7-0138-4B65-96E7-5F5D199990D7}.Debug|x86.Build.0 = Debug|Any CPU
		{B5986FD7-0138-4B65-96E7-5F5D199990D7}.Release|Any CPU.ActiveCfg = Release|Any CPU
		{B5986FD7-0138-4B65-96E7-5F5D199990D7}.Release|Any CPU.Build.0 = Release|Any CPU
		{B5986FD7-0138-4B65-96E7-5F5D199990D7}.Release|x64.ActiveCfg = Release|Any CPU
		{B5986FD7-0138-4B65-96E7-5F5D199990D7}.Release|x64.Build.0 = Release|Any CPU
		{B5986FD7-0138-4B65-96E7-5F5D199990D7}.Release|x86.ActiveCfg = Release|Any CPU
		{B5986FD7-0138-4B65-96E7-5F5D199990D7}.Release|x86.Build.0 = Release|Any CPU
	EndGlobalSection
	GlobalSection(SolutionProperties) = preSolution
		HideSolutionNode = FALSE
	EndGlobalSection
	GlobalSection(ExtensibilityGlobals) = postSolution
		SolutionGuid = {D3931FCE-4C5E-43DF-9E1C-268A3AF08D69}
	EndGlobalSection
EndGlobal
